
Microsoft Visual Studio Solution File, Format Version 12.00
# Visual Studio Version 16
VisualStudioVersion = 16.0.30406.217
MinimumVisualStudioVersion = 10.0.40219.1
Project("{FAE04EC0-301F-11D3-BF4B-00C04F79EFBC}") = "Snippets", "Snippets\Snippets.csproj", "{BC949512-4F4B-4279-948E-39E348E817EB}"
EndProject
Global
	GlobalSection(SolutionConfigurationPlatforms) = preSolution
		Debug|Any CPU = Debug|Any CPU
		Release|Any CPU = Release|Any CPU
	EndGlobalSection
	GlobalSection(ProjectConfigurationPlatforms) = postSolution
		{BC949512-4F4B-4279-948E-39E348E817EB}.Debug|Any CPU.ActiveCfg = Debug|Any CPU
		{BC949512-4F4B-4279-948E-39E348E817EB}.Debug|Any CPU.Build.0 = Debug|Any CPU
		{BC949512-4F4B-4279-948E-39E348E817EB}.Release|Any CPU.ActiveCfg = Release|Any CPU
		{BC949512-4F4B-4279-948E-39E348E817EB}.Release|Any CPU.Build.0 = Release|Any CPU
	EndGlobalSection
	GlobalSection(SolutionProperties) = preSolution
		HideSolutionNode = FALSE
	EndGlobalSection
	GlobalSection(ExtensibilityGlobals) = postSolution
		SolutionGuid = {99DCC273-A846-4879-B437-AD3C70990702}
	EndGlobalSection
EndGlobal
