
Microsoft Visual Studio Solution File, Format Version 12.00
# Visual Studio Version 16
VisualStudioVersion = 16.0.31105.61
MinimumVisualStudioVersion = 10.0.40219.1
Project("{FAE04EC0-301F-11D3-BF4B-00C04F79EFBC}") = "WinFormsControlLibrary1", "WinFormsControlLibrary1\WinFormsControlLibrary1.csproj", "{45E1FA83-559E-49F3-B777-3C74EE6E7427}"
EndProject
Project("{FAE04EC0-301F-11D3-BF4B-00C04F79EFBC}") = "WinFormsApp1", "WinFormsApp1\WinFormsApp1.csproj", "{520DA6A0-8E9D-4585-B9F5-6ABB39487833}"
EndProject
Global
	GlobalSection(SolutionConfigurationPlatforms) = preSolution
		Debug|Any CPU = Debug|Any CPU
		Release|Any CPU = Release|Any CPU
	EndGlobalSection
	GlobalSection(ProjectConfigurationPlatforms) = postSolution
		{45E1FA83-559E-49F3-B777-3C74EE6E7427}.Debug|Any CPU.ActiveCfg = Debug|Any CPU
		{45E1FA83-559E-49F3-B777-3C74EE6E7427}.Debug|Any CPU.Build.0 = Debug|Any CPU
		{45E1FA83-559E-49F3-B777-3C74EE6E7427}.Release|Any CPU.ActiveCfg = Release|Any CPU
		{45E1FA83-559E-49F3-B777-3C74EE6E7427}.Release|Any CPU.Build.0 = Release|Any CPU
		{520DA6A0-8E9D-4585-B9F5-6ABB39487833}.Debug|Any CPU.ActiveCfg = Debug|Any CPU
		{520DA6A0-8E9D-4585-B9F5-6ABB39487833}.Debug|Any CPU.Build.0 = Debug|Any CPU
		{520DA6A0-8E9D-4585-B9F5-6ABB39487833}.Release|Any CPU.ActiveCfg = Release|Any CPU
		{520DA6A0-8E9D-4585-B9F5-6ABB39487833}.Release|Any CPU.Build.0 = Release|Any CPU
	EndGlobalSection
	GlobalSection(SolutionProperties) = preSolution
		HideSolutionNode = FALSE
	EndGlobalSection
	GlobalSection(ExtensibilityGlobals) = postSolution
		SolutionGuid = {3E793F02-CE68-4FF3-9488-420484E16F6F}
	EndGlobalSection
EndGlobal
