
Microsoft Visual Studio Solution File, Format Version 12.00
# Visual Studio Version 16
VisualStudioVersion = 16.0.31729.503
MinimumVisualStudioVersion = 10.0.40219.1
Project("{FAE04EC0-301F-11D3-BF4B-00C04F79EFBC}") = "ConsoleApp", "ConsoleApp\ConsoleApp.csproj", "{3D268811-D4A0-486E-9B37-1ECFE2A0486D}"
EndProject
Global
	GlobalSection(SolutionConfigurationPlatforms) = preSolution
		Debug|Any CPU = Debug|Any CPU
		Release|Any CPU = Release|Any CPU
	EndGlobalSection
	GlobalSection(ProjectConfigurationPlatforms) = postSolution
		{3D268811-D4A0-486E-9B37-1ECFE2A0486D}.Debug|Any CPU.ActiveCfg = Debug|Any CPU
		{3D268811-D4A0-486E-9B37-1ECFE2A0486D}.Debug|Any CPU.Build.0 = Debug|Any CPU
		{3D268811-D4A0-486E-9B37-1ECFE2A0486D}.Release|Any CPU.ActiveCfg = Release|Any CPU
		{3D268811-D4A0-486E-9B37-1ECFE2A0486D}.Release|Any CPU.Build.0 = Release|Any CPU
	EndGlobalSection
	GlobalSection(SolutionProperties) = preSolution
		HideSolutionNode = FALSE
	EndGlobalSection
	GlobalSection(ExtensibilityGlobals) = postSolution
		SolutionGuid = {6640D3FD-32F5-4A24-A9CE-1079D31E7725}
	EndGlobalSection
EndGlobal
