{
    "_readme": [
        "This file locks the dependencies of your project to a known state",
        "Read more about it at https://getcomposer.org/doc/01-basic-usage.md#installing-dependencies",
        "This file is @generated automatically"
    ],
    "content-hash": "c9542deb6d03b12cfee3d4d659d0f7a6",
    "packages": [
        {
            "name": "beberlei/assert",
            "version": "v3.3.2",
            "source": {
                "type": "git",
                "url": "https://github.com/beberlei/assert.git",
                "reference": "cb70015c04be1baee6f5f5c953703347c0ac1655"
            },
            "dist": {
                "type": "zip",
                "url": "https://api.github.com/repos/beberlei/assert/zipball/cb70015c04be1baee6f5f5c953703347c0ac1655",
                "reference": "cb70015c04be1baee6f5f5c953703347c0ac1655",
                "shasum": ""
            },
            "require": {
                "ext-ctype": "*",
                "ext-json": "*",
                "ext-mbstring": "*",
                "ext-simplexml": "*",
                "php": "^7.0 || ^8.0"
            },
            "require-dev": {
                "friendsofphp/php-cs-fixer": "*",
                "phpstan/phpstan": "*",
                "phpunit/phpunit": ">=6.0.0",
                "yoast/phpunit-polyfills": "^0.1.0"
            },
            "suggest": {
                "ext-intl": "Needed to allow Assertion::count(), Assertion::isCountable(), Assertion::minCount(), and Assertion::maxCount() to operate on ResourceBundles"
            },
            "type": "library",
            "autoload": {
                "files": [
                    "lib/Assert/functions.php"
                ],
                "psr-4": {
                    "Assert\\": "lib/Assert"
                }
            },
            "notification-url": "https://packagist.org/downloads/",
            "license": [
                "BSD-2-Clause"
            ],
            "authors": [
                {
                    "name": "Benjamin Eberlei",
                    "email": "kontakt@beberlei.de",
                    "role": "Lead Developer"
                },
                {
                    "name": "Richard Quadling",
                    "email": "rquadling@gmail.com",
                    "role": "Collaborator"
                }
            ],
            "description": "Thin assertion library for input validation in business models.",
            "keywords": [
                "assert",
                "assertion",
                "validation"
            ],
            "support": {
                "issues": "https://github.com/beberlei/assert/issues",
                "source": "https://github.com/beberlei/assert/tree/v3.3.2"
            },
            "time": "2021-12-16T21:41:27+00:00"
        },
        {
            "name": "flix-tech/avro-php",
            "version": "4.2.0",
            "source": {
                "type": "git",
                "url": "https://github.com/flix-tech/avro-php.git",
                "reference": "d56613999a042c26dad8d5f2d53012cd3db4b8f7"
            },
            "dist": {
                "type": "zip",
                "url": "https://api.github.com/repos/flix-tech/avro-php/zipball/d56613999a042c26dad8d5f2d53012cd3db4b8f7",
                "reference": "d56613999a042c26dad8d5f2d53012cd3db4b8f7",
                "shasum": ""
            },
            "require": {
                "php": ">=7.1"
            },
            "require-dev": {
                "phpunit/phpunit": "^5.0"
            },
            "suggest": {
                "ext-gmp": "Large integer support for 32-bit platforms.",
                "ext-snappy": "Snappy support for Snappy codec (mainly Google).",
                "ext-zlib": "Zlib support for Deflate codec."
            },
            "type": "library",
            "autoload": {
                "classmap": [
                    "lib/"
                ]
            },
            "notification-url": "https://packagist.org/downloads/",
            "license": [
                "Apache-2.0"
            ],
            "description": "Avro schema encoder/decoder. Fork of rg/avro-php",
            "support": {
                "source": "https://github.com/flix-tech/avro-php/tree/4.2.0"
            },
            "time": "2022-01-12T13:54:45+00:00"
        },
        {
            "name": "flix-tech/avro-serde-php",
            "version": "1.7.1",
            "source": {
                "type": "git",
                "url": "https://github.com/flix-tech/avro-serde-php.git",
                "reference": "fabd439f31b0d0fbd0f9bb70c13ad04efd16cd83"
            },
            "dist": {
                "type": "zip",
                "url": "https://api.github.com/repos/flix-tech/avro-serde-php/zipball/fabd439f31b0d0fbd0f9bb70c13ad04efd16cd83",
                "reference": "fabd439f31b0d0fbd0f9bb70c13ad04efd16cd83",
                "shasum": ""
            },
            "require": {
                "beberlei/assert": "^2.9.9|~3.0",
                "flix-tech/avro-php": "^4.1.0",
                "flix-tech/confluent-schema-registry-api": "^7.3.1",
                "guzzlehttp/promises": "^1.4.0",
                "php": "^7.3|^8.0",
                "widmogrod/php-functional": "^6.0"
            },
            "require-dev": {
                "doctrine/annotations": "^1.11",
                "phpbench/phpbench": "1.0.0-alpha2",
                "phpunit/phpunit": "^8.2.3|^9.4.2",
                "symfony/serializer": "^3.4|^4.3",
                "vlucas/phpdotenv": "~2.4"
            },
            "suggest": {
                "doctrine/annotations": "To enable the generation of avro schemas from annotations",
                "symfony/serializer": "To integrate avro-serde-php into symfony ecosystem"
            },
            "type": "library",
            "extra": {
                "branch-alias": {
                    "dev-master": "2.0.x-dev",
                    "dev-1.x": "1.x-dev"
                }
            },
            "autoload": {
                "files": [
                    "src/Protocol.php",
                    "src/Serialize.php",
                    "src/Common.php"
                ],
                "psr-4": {
                    "FlixTech\\AvroSerializer\\Objects\\": "src/Objects",
                    "FlixTech\\AvroSerializer\\Integrations\\": "integrations/"
                }
            },
            "notification-url": "https://packagist.org/downloads/",
            "license": [
                "MIT"
            ],
            "authors": [
                {
                    "name": "Thomas Ploch",
                    "email": "thomas.ploch@flixbus.com"
                }
            ],
            "description": "A library to serialize and deserialize Avro records making use of the confluent schema registry",
            "keywords": [
                "Confluent",
                "avro",
                "confluent-platform",
                "deserialization",
                "kafka",
                "schema-evolution",
                "schema-registry",
                "serialization",
                "serializer",
                "symfony",
                "symfony-serializer"
            ],
            "support": {
                "issues": "https://github.com/flix-tech/avro-serde-php/issues",
                "source": "https://github.com/flix-tech/avro-serde-php/tree/1.7.1"
            },
            "time": "2021-08-04T09:02:47+00:00"
        },
        {
            "name": "flix-tech/confluent-schema-registry-api",
            "version": "7.5.1",
            "source": {
                "type": "git",
                "url": "https://github.com/flix-tech/schema-registry-php-client.git",
                "reference": "300bf29d61ed50e91a11ef12aa51dd53800aab6e"
            },
            "dist": {
                "type": "zip",
                "url": "https://api.github.com/repos/flix-tech/schema-registry-php-client/zipball/300bf29d61ed50e91a11ef12aa51dd53800aab6e",
                "reference": "300bf29d61ed50e91a11ef12aa51dd53800aab6e",
                "shasum": ""
            },
            "require": {
                "beberlei/assert": "~2.7|~3.0",
                "ext-curl": "*",
                "ext-json": "*",
                "flix-tech/avro-php": "^4.1",
                "guzzlehttp/guzzle": "^7.0",
                "guzzlehttp/promises": "^1.4.0",
                "guzzlehttp/psr7": "^1.7|^2.1",
                "php": "^7.4|^8.0|8.1.*"
            },
            "require-dev": {
                "doctrine/cache": "~1.3",
                "phpunit/phpunit": "^9.4.2",
                "psr/cache": "^1.0",
                "psr/simple-cache": "^1.0",
                "raphhh/trex-reflection": "~1.0",
                "symfony/cache": "^5.1"
            },
            "suggest": {
                "doctrine/cache": "If you want to use the DoctrineCacheAdapter",
                "psr/cache": "If you want to use the CacheItemPoolAdapter",
                "psr/simple-cache": "If you want to use the SimpleCacheAdapter"
            },
            "type": "library",
            "autoload": {
                "files": [
                    "src/Requests/Functions.php",
                    "src/Constants/Constants.php"
                ],
                "psr-4": {
                    "FlixTech\\SchemaRegistryApi\\": "src/"
                }
            },
            "notification-url": "https://packagist.org/downloads/",
            "license": [
                "MIT"
            ],
            "authors": [
                {
                    "name": "Thomas Ploch",
                    "email": "thomas.ploch@flixbus.com"
                }
            ],
            "description": "A PHP 7.4+ library to consume the Confluent Schema Registry REST API.",
            "support": {
                "issues": "https://github.com/flix-tech/schema-registry-php-client/issues",
                "source": "https://github.com/flix-tech/schema-registry-php-client/tree/7.5.1"
            },
            "time": "2021-12-07T08:18:58+00:00"
        },
        {
            "name": "functional-php/fantasy-land",
            "version": "1.0.1",
            "source": {
                "type": "git",
                "url": "https://github.com/functional-php/fantasy-land.git",
                "reference": "1e2366e68057bbc7a65d58dd663324eb9b299775"
            },
            "dist": {
                "type": "zip",
                "url": "https://api.github.com/repos/functional-php/fantasy-land/zipball/1e2366e68057bbc7a65d58dd663324eb9b299775",
                "reference": "1e2366e68057bbc7a65d58dd663324eb9b299775",
                "shasum": ""
            },
            "require": {
                "php": ">=7.1"
            },
            "require-dev": {
                "friendsofphp/php-cs-fixer": "^2",
                "giorgiosironi/eris": "^0.9",
                "phpunit/phpunit": "^5"
            },
            "type": "library",
            "autoload": {
                "files": [
                    "src/FantasyLand/functions.php"
                ],
                "psr-4": {
                    "FunctionalPHP\\": "./src"
                }
            },
            "notification-url": "https://packagist.org/downloads/",
            "license": [
                "BSD-3-Clause"
            ],
            "authors": [
                {
                    "name": "Gabriel Habryn",
                    "email": "widmogrod+github@gmail.com"
                }
            ],
            "description": "Specification for interoperability of common algebraic structures in PHP",
            "support": {
                "issues": "https://github.com/functional-php/fantasy-land/issues",
                "source": "https://github.com/functional-php/fantasy-land/tree/1.0.1"
            },
            "time": "2021-01-19T18:06:19+00:00"
        },
        {
            "name": "guzzlehttp/guzzle",
            "version": "7.4.3",
            "source": {
                "type": "git",
                "url": "https://github.com/guzzle/guzzle.git",
                "reference": "74a8602c6faec9ef74b7a9391ac82c5e65b1cdab"
            },
            "dist": {
                "type": "zip",
                "url": "https://api.github.com/repos/guzzle/guzzle/zipball/74a8602c6faec9ef74b7a9391ac82c5e65b1cdab",
                "reference": "74a8602c6faec9ef74b7a9391ac82c5e65b1cdab",
                "shasum": ""
            },
            "require": {
                "ext-json": "*",
                "guzzlehttp/promises": "^1.5",
                "guzzlehttp/psr7": "^1.8.3 || ^2.1",
                "php": "^7.2.5 || ^8.0",
                "psr/http-client": "^1.0",
                "symfony/deprecation-contracts": "^2.2 || ^3.0"
            },
            "provide": {
                "psr/http-client-implementation": "1.0"
            },
            "require-dev": {
                "bamarni/composer-bin-plugin": "^1.4.1",
                "ext-curl": "*",
                "php-http/client-integration-tests": "^3.0",
                "phpunit/phpunit": "^8.5.5 || ^9.3.5",
                "psr/log": "^1.1 || ^2.0 || ^3.0"
            },
            "suggest": {
                "ext-curl": "Required for CURL handler support",
                "ext-intl": "Required for Internationalized Domain Name (IDN) support",
                "psr/log": "Required for using the Log middleware"
            },
            "type": "library",
            "extra": {
                "branch-alias": {
                    "dev-master": "7.4-dev"
                }
            },
            "autoload": {
                "files": [
                    "src/functions_include.php"
                ],
                "psr-4": {
                    "GuzzleHttp\\": "src/"
                }
            },
            "notification-url": "https://packagist.org/downloads/",
            "license": [
                "MIT"
            ],
            "authors": [
                {
                    "name": "Graham Campbell",
                    "email": "hello@gjcampbell.co.uk",
                    "homepage": "https://github.com/GrahamCampbell"
                },
                {
                    "name": "Michael Dowling",
                    "email": "mtdowling@gmail.com",
                    "homepage": "https://github.com/mtdowling"
                },
                {
                    "name": "Jeremy Lindblom",
                    "email": "jeremeamia@gmail.com",
                    "homepage": "https://github.com/jeremeamia"
                },
                {
                    "name": "George Mponos",
                    "email": "gmponos@gmail.com",
                    "homepage": "https://github.com/gmponos"
                },
                {
                    "name": "Tobias Nyholm",
                    "email": "tobias.nyholm@gmail.com",
                    "homepage": "https://github.com/Nyholm"
                },
                {
                    "name": "Márk Sági-Kazár",
                    "email": "mark.sagikazar@gmail.com",
                    "homepage": "https://github.com/sagikazarmark"
                },
                {
                    "name": "Tobias Schultze",
                    "email": "webmaster@tubo-world.de",
                    "homepage": "https://github.com/Tobion"
                }
            ],
            "description": "Guzzle is a PHP HTTP client library",
            "keywords": [
                "client",
                "curl",
                "framework",
                "http",
                "http client",
                "psr-18",
                "psr-7",
                "rest",
                "web service"
            ],
            "support": {
                "issues": "https://github.com/guzzle/guzzle/issues",
                "source": "https://github.com/guzzle/guzzle/tree/7.4.3"
            },
            "funding": [
                {
                    "url": "https://github.com/GrahamCampbell",
                    "type": "github"
                },
                {
                    "url": "https://github.com/Nyholm",
                    "type": "github"
                },
                {
                    "url": "https://tidelift.com/funding/github/packagist/guzzlehttp/guzzle",
                    "type": "tidelift"
                }
            ],
            "time": "2022-05-25T13:24:33+00:00"
        },
        {
            "name": "guzzlehttp/promises",
            "version": "1.5.1",
            "source": {
                "type": "git",
                "url": "https://github.com/guzzle/promises.git",
                "reference": "fe752aedc9fd8fcca3fe7ad05d419d32998a06da"
            },
            "dist": {
                "type": "zip",
                "url": "https://api.github.com/repos/guzzle/promises/zipball/fe752aedc9fd8fcca3fe7ad05d419d32998a06da",
                "reference": "fe752aedc9fd8fcca3fe7ad05d419d32998a06da",
                "shasum": ""
            },
            "require": {
                "php": ">=5.5"
            },
            "require-dev": {
                "symfony/phpunit-bridge": "^4.4 || ^5.1"
            },
            "type": "library",
            "extra": {
                "branch-alias": {
                    "dev-master": "1.5-dev"
                }
            },
            "autoload": {
                "files": [
                    "src/functions_include.php"
                ],
                "psr-4": {
                    "GuzzleHttp\\Promise\\": "src/"
                }
            },
            "notification-url": "https://packagist.org/downloads/",
            "license": [
                "MIT"
            ],
            "authors": [
                {
                    "name": "Graham Campbell",
                    "email": "hello@gjcampbell.co.uk",
                    "homepage": "https://github.com/GrahamCampbell"
                },
                {
                    "name": "Michael Dowling",
                    "email": "mtdowling@gmail.com",
                    "homepage": "https://github.com/mtdowling"
                },
                {
                    "name": "Tobias Nyholm",
                    "email": "tobias.nyholm@gmail.com",
                    "homepage": "https://github.com/Nyholm"
                },
                {
                    "name": "Tobias Schultze",
                    "email": "webmaster@tubo-world.de",
                    "homepage": "https://github.com/Tobion"
                }
            ],
            "description": "Guzzle promises library",
            "keywords": [
                "promise"
            ],
            "support": {
                "issues": "https://github.com/guzzle/promises/issues",
                "source": "https://github.com/guzzle/promises/tree/1.5.1"
            },
            "funding": [
                {
                    "url": "https://github.com/GrahamCampbell",
                    "type": "github"
                },
                {
                    "url": "https://github.com/Nyholm",
                    "type": "github"
                },
                {
                    "url": "https://tidelift.com/funding/github/packagist/guzzlehttp/promises",
                    "type": "tidelift"
                }
            ],
            "time": "2021-10-22T20:56:57+00:00"
        },
        {
            "name": "guzzlehttp/psr7",
            "version": "2.2.1",
            "source": {
                "type": "git",
                "url": "https://github.com/guzzle/psr7.git",
                "reference": "c94a94f120803a18554c1805ef2e539f8285f9a2"
            },
            "dist": {
                "type": "zip",
                "url": "https://api.github.com/repos/guzzle/psr7/zipball/c94a94f120803a18554c1805ef2e539f8285f9a2",
                "reference": "c94a94f120803a18554c1805ef2e539f8285f9a2",
                "shasum": ""
            },
            "require": {
                "php": "^7.2.5 || ^8.0",
                "psr/http-factory": "^1.0",
                "psr/http-message": "^1.0",
                "ralouphie/getallheaders": "^3.0"
            },
            "provide": {
                "psr/http-factory-implementation": "1.0",
                "psr/http-message-implementation": "1.0"
            },
            "require-dev": {
                "bamarni/composer-bin-plugin": "^1.4.1",
                "http-interop/http-factory-tests": "^0.9",
                "phpunit/phpunit": "^8.5.8 || ^9.3.10"
            },
            "suggest": {
                "laminas/laminas-httphandlerrunner": "Emit PSR-7 responses"
            },
            "type": "library",
            "extra": {
                "branch-alias": {
                    "dev-master": "2.2-dev"
                }
            },
            "autoload": {
                "psr-4": {
                    "GuzzleHttp\\Psr7\\": "src/"
                }
            },
            "notification-url": "https://packagist.org/downloads/",
            "license": [
                "MIT"
            ],
            "authors": [
                {
                    "name": "Graham Campbell",
                    "email": "hello@gjcampbell.co.uk",
                    "homepage": "https://github.com/GrahamCampbell"
                },
                {
                    "name": "Michael Dowling",
                    "email": "mtdowling@gmail.com",
                    "homepage": "https://github.com/mtdowling"
                },
                {
                    "name": "George Mponos",
                    "email": "gmponos@gmail.com",
                    "homepage": "https://github.com/gmponos"
                },
                {
                    "name": "Tobias Nyholm",
                    "email": "tobias.nyholm@gmail.com",
                    "homepage": "https://github.com/Nyholm"
                },
                {
                    "name": "Márk Sági-Kazár",
                    "email": "mark.sagikazar@gmail.com",
                    "homepage": "https://github.com/sagikazarmark"
                },
                {
                    "name": "Tobias Schultze",
                    "email": "webmaster@tubo-world.de",
                    "homepage": "https://github.com/Tobion"
                },
                {
                    "name": "Márk Sági-Kazár",
                    "email": "mark.sagikazar@gmail.com",
                    "homepage": "https://sagikazarmark.hu"
                }
            ],
            "description": "PSR-7 message implementation that also provides common utility methods",
            "keywords": [
                "http",
                "message",
                "psr-7",
                "request",
                "response",
                "stream",
                "uri",
                "url"
            ],
            "support": {
                "issues": "https://github.com/guzzle/psr7/issues",
                "source": "https://github.com/guzzle/psr7/tree/2.2.1"
            },
            "funding": [
                {
                    "url": "https://github.com/GrahamCampbell",
                    "type": "github"
                },
                {
                    "url": "https://github.com/Nyholm",
                    "type": "github"
                },
                {
                    "url": "https://tidelift.com/funding/github/packagist/guzzlehttp/psr7",
                    "type": "tidelift"
                }
            ],
            "time": "2022-03-20T21:55:58+00:00"
        },
        {
            "name": "psr/http-client",
            "version": "1.0.1",
            "source": {
                "type": "git",
                "url": "https://github.com/php-fig/http-client.git",
                "reference": "2dfb5f6c5eff0e91e20e913f8c5452ed95b86621"
            },
            "dist": {
                "type": "zip",
                "url": "https://api.github.com/repos/php-fig/http-client/zipball/2dfb5f6c5eff0e91e20e913f8c5452ed95b86621",
                "reference": "2dfb5f6c5eff0e91e20e913f8c5452ed95b86621",
                "shasum": ""
            },
            "require": {
                "php": "^7.0 || ^8.0",
                "psr/http-message": "^1.0"
            },
            "type": "library",
            "extra": {
                "branch-alias": {
                    "dev-master": "1.0.x-dev"
                }
            },
            "autoload": {
                "psr-4": {
                    "Psr\\Http\\Client\\": "src/"
                }
            },
            "notification-url": "https://packagist.org/downloads/",
            "license": [
                "MIT"
            ],
            "authors": [
                {
                    "name": "PHP-FIG",
                    "homepage": "http://www.php-fig.org/"
                }
            ],
            "description": "Common interface for HTTP clients",
            "homepage": "https://github.com/php-fig/http-client",
            "keywords": [
                "http",
                "http-client",
                "psr",
                "psr-18"
            ],
            "support": {
                "source": "https://github.com/php-fig/http-client/tree/master"
            },
            "time": "2020-06-29T06:28:15+00:00"
        },
        {
            "name": "psr/http-factory",
            "version": "1.0.1",
            "source": {
                "type": "git",
                "url": "https://github.com/php-fig/http-factory.git",
                "reference": "12ac7fcd07e5b077433f5f2bee95b3a771bf61be"
            },
            "dist": {
                "type": "zip",
                "url": "https://api.github.com/repos/php-fig/http-factory/zipball/12ac7fcd07e5b077433f5f2bee95b3a771bf61be",
                "reference": "12ac7fcd07e5b077433f5f2bee95b3a771bf61be",
                "shasum": ""
            },
            "require": {
                "php": ">=7.0.0",
                "psr/http-message": "^1.0"
            },
            "type": "library",
            "extra": {
                "branch-alias": {
                    "dev-master": "1.0.x-dev"
                }
            },
            "autoload": {
                "psr-4": {
                    "Psr\\Http\\Message\\": "src/"
                }
            },
            "notification-url": "https://packagist.org/downloads/",
            "license": [
                "MIT"
            ],
            "authors": [
                {
                    "name": "PHP-FIG",
                    "homepage": "http://www.php-fig.org/"
                }
            ],
            "description": "Common interfaces for PSR-7 HTTP message factories",
            "keywords": [
                "factory",
                "http",
                "message",
                "psr",
                "psr-17",
                "psr-7",
                "request",
                "response"
            ],
            "support": {
                "source": "https://github.com/php-fig/http-factory/tree/master"
            },
            "time": "2019-04-30T12:38:16+00:00"
        },
        {
            "name": "psr/http-message",
            "version": "1.0.1",
            "source": {
                "type": "git",
                "url": "https://github.com/php-fig/http-message.git",
                "reference": "f6561bf28d520154e4b0ec72be95418abe6d9363"
            },
            "dist": {
                "type": "zip",
                "url": "https://api.github.com/repos/php-fig/http-message/zipball/f6561bf28d520154e4b0ec72be95418abe6d9363",
                "reference": "f6561bf28d520154e4b0ec72be95418abe6d9363",
                "shasum": ""
            },
            "require": {
                "php": ">=5.3.0"
            },
            "type": "library",
            "extra": {
                "branch-alias": {
                    "dev-master": "1.0.x-dev"
                }
            },
            "autoload": {
                "psr-4": {
                    "Psr\\Http\\Message\\": "src/"
                }
            },
            "notification-url": "https://packagist.org/downloads/",
            "license": [
                "MIT"
            ],
            "authors": [
                {
                    "name": "PHP-FIG",
                    "homepage": "http://www.php-fig.org/"
                }
            ],
            "description": "Common interface for HTTP messages",
            "homepage": "https://github.com/php-fig/http-message",
            "keywords": [
                "http",
                "http-message",
                "psr",
                "psr-7",
                "request",
                "response"
            ],
            "support": {
                "source": "https://github.com/php-fig/http-message/tree/master"
            },
            "time": "2016-08-06T14:39:51+00:00"
        },
        {
            "name": "ralouphie/getallheaders",
            "version": "3.0.3",
            "source": {
                "type": "git",
                "url": "https://github.com/ralouphie/getallheaders.git",
                "reference": "120b605dfeb996808c31b6477290a714d356e822"
            },
            "dist": {
                "type": "zip",
                "url": "https://api.github.com/repos/ralouphie/getallheaders/zipball/120b605dfeb996808c31b6477290a714d356e822",
                "reference": "120b605dfeb996808c31b6477290a714d356e822",
                "shasum": ""
            },
            "require": {
                "php": ">=5.6"
            },
            "require-dev": {
                "php-coveralls/php-coveralls": "^2.1",
                "phpunit/phpunit": "^5 || ^6.5"
            },
            "type": "library",
            "autoload": {
                "files": [
                    "src/getallheaders.php"
                ]
            },
            "notification-url": "https://packagist.org/downloads/",
            "license": [
                "MIT"
            ],
            "authors": [
                {
                    "name": "Ralph Khattar",
                    "email": "ralph.khattar@gmail.com"
                }
            ],
            "description": "A polyfill for getallheaders.",
            "support": {
                "issues": "https://github.com/ralouphie/getallheaders/issues",
                "source": "https://github.com/ralouphie/getallheaders/tree/develop"
            },
            "time": "2019-03-08T08:55:37+00:00"
        },
        {
            "name": "symfony/deprecation-contracts",
            "version": "v3.1.0",
            "source": {
                "type": "git",
                "url": "https://github.com/symfony/deprecation-contracts.git",
                "reference": "07f1b9cc2ffee6aaafcf4b710fbc38ff736bd918"
            },
            "dist": {
                "type": "zip",
                "url": "https://api.github.com/repos/symfony/deprecation-contracts/zipball/07f1b9cc2ffee6aaafcf4b710fbc38ff736bd918",
                "reference": "07f1b9cc2ffee6aaafcf4b710fbc38ff736bd918",
                "shasum": ""
            },
            "require": {
                "php": ">=8.1"
            },
            "type": "library",
            "extra": {
                "branch-alias": {
                    "dev-main": "3.1-dev"
                },
                "thanks": {
                    "name": "symfony/contracts",
                    "url": "https://github.com/symfony/contracts"
                }
            },
            "autoload": {
                "files": [
                    "function.php"
                ]
            },
            "notification-url": "https://packagist.org/downloads/",
            "license": [
                "MIT"
            ],
            "authors": [
                {
                    "name": "Nicolas Grekas",
                    "email": "p@tchwork.com"
                },
                {
                    "name": "Symfony Community",
                    "homepage": "https://symfony.com/contributors"
                }
            ],
            "description": "A generic function and convention to trigger deprecation notices",
            "homepage": "https://symfony.com",
            "support": {
                "source": "https://github.com/symfony/deprecation-contracts/tree/v3.1.0"
            },
            "funding": [
                {
                    "url": "https://symfony.com/sponsor",
                    "type": "custom"
                },
                {
                    "url": "https://github.com/fabpot",
                    "type": "github"
                },
                {
                    "url": "https://tidelift.com/funding/github/packagist/symfony/symfony",
                    "type": "tidelift"
                }
            ],
            "time": "2022-02-25T11:15:52+00:00"
        },
        {
            "name": "widmogrod/php-functional",
            "version": "6.0.0",
            "source": {
                "type": "git",
                "url": "https://github.com/widmogrod/php-functional.git",
                "reference": "a1a4edc7f135c4b9364afadcb23d91629255b06c"
            },
            "dist": {
                "type": "zip",
                "url": "https://api.github.com/repos/widmogrod/php-functional/zipball/a1a4edc7f135c4b9364afadcb23d91629255b06c",
                "reference": "a1a4edc7f135c4b9364afadcb23d91629255b06c",
                "shasum": ""
            },
            "require": {
                "functional-php/fantasy-land": "^1",
                "php": "^7.1|^8.0"
            },
            "require-dev": {
                "friendsofphp/php-cs-fixer": "^2",
                "giorgiosironi/eris": "^0.9",
                "phpunit/phpunit": "^6"
            },
            "type": "library",
            "autoload": {
                "files": [
                    "src/Functional/array.php",
                    "src/Functional/functions.php",
                    "src/Functional/miscellaneous.php",
                    "src/Functional/listt.php",
                    "src/Functional/zipping.php",
                    "src/Functional/sublist.php",
                    "src/Functional/infinit.php",
                    "src/Functional/predicates.php",
                    "src/Functional/strings.php",
                    "src/Functional/monoid.php",
                    "src/Functional/setoid.php",
                    "src/Monad/Either/functions.php",
                    "src/Monad/Maybe/functions.php",
                    "src/Monad/Free/functions.php",
                    "src/Monad/IO/functions.php",
                    "src/Monad/IO/errors.php",
                    "src/Monad/Reader/functions.php",
                    "src/Monad/State/functions.php",
                    "src/Monad/Writer/functions.php",
                    "src/Monad/Control/Doo/actions.php",
                    "src/Monad/Control/Doo/interpretation.php",
                    "src/Useful/match.php"
                ],
                "psr-4": {
                    "Widmogrod\\": "./src"
                }
            },
            "notification-url": "https://packagist.org/downloads/",
            "license": [
                "MIT"
            ],
            "authors": [
                {
                    "name": "Gabriel Habryn",
                    "email": "widmogrod@gmail.com"
                }
            ],
            "description": "Functors, Applicative and Monads are fascinating concept. Purpose of this library is to explore them in OOP PHP world.",
            "support": {
                "issues": "https://github.com/widmogrod/php-functional/issues",
                "source": "https://github.com/widmogrod/php-functional/tree/6.0.0"
            },
            "time": "2020-10-18T19:52:00+00:00"
        }
    ],
    "packages-dev": [],
    "aliases": [],
    "minimum-stability": "stable",
    "stability-flags": [],
    "prefer-stable": false,
    "prefer-lowest": false,
    "platform": [],
    "platform-dev": [],
    "plugin-api-version": "2.2.0"
}
